// !$*UTF8*$!
{
	archiveVersion = 1;
	classes = {
	};
	objectVersion = 51;
	objects = {

/* Begin PBXBuildFile section */
		361B2C0647A4E7C145C0E345 /* Pods_iChat.framework in Frameworks */ = {isa = PBXBuildFile; fileRef = 95E144AEACF71731C25144B3 /* Pods_iChat.framework */; };
		998D151422CDFEBF008CEE8C /* AppDelegate.swift in Sources */ = {isa = PBXBuildFile; fileRef = 998D151322CDFEBF008CEE8C /* AppDelegate.swift */; };
		998D151922CDFEBF008CEE8C /* Main.storyboard in Resources */ = {isa = PBXBuildFile; fileRef = 998D151722CDFEBF008CEE8C /* Main.storyboard */; };
		998D151B22CDFEC9008CEE8C /* Assets.xcassets in Resources */ = {isa = PBXBuildFile; fileRef = 998D151A22CDFEC9008CEE8C /* Assets.xcassets */; };
		998D151E22CDFEC9008CEE8C /* LaunchScreen.storyboard in Resources */ = {isa = PBXBuildFile; fileRef = 998D151C22CDFEC9008CEE8C /* LaunchScreen.storyboard */; };
		998D152622CE046D008CEE8C /* WelcomeViewController.swift in Sources */ = {isa = PBXBuildFile; fileRef = 998D152522CE046C008CEE8C /* WelcomeViewController.swift */; };
		998D152822CE3D67008CEE8C /* GoogleService-Info.plist in Resources */ = {isa = PBXBuildFile; fileRef = 998D152722CE3D67008CEE8C /* GoogleService-Info.plist */; };
		998D152A22CF4DC1008CEE8C /* FUser.swift in Sources */ = {isa = PBXBuildFile; fileRef = 998D152922CF4DC1008CEE8C /* FUser.swift */; };
		998D152C22CF4E23008CEE8C /* Constants.swift in Sources */ = {isa = PBXBuildFile; fileRef = 998D152B22CF4E23008CEE8C /* Constants.swift */; };
		998D152E22CF508B008CEE8C /* CollectionReferences.swift in Sources */ = {isa = PBXBuildFile; fileRef = 998D152D22CF508B008CEE8C /* CollectionReferences.swift */; };
		998D153022CF52CE008CEE8C /* HelperFunctions.swift in Sources */ = {isa = PBXBuildFile; fileRef = 998D152F22CF52CE008CEE8C /* HelperFunctions.swift */; };
		998D153222D37211008CEE8C /* FinishRegistrationViewController.swift in Sources */ = {isa = PBXBuildFile; fileRef = 998D153122D37211008CEE8C /* FinishRegistrationViewController.swift */; };
		998D153622D5F18D008CEE8C /* SettingsTableViewController.swift in Sources */ = {isa = PBXBuildFile; fileRef = 998D153522D5F18D008CEE8C /* SettingsTableViewController.swift */; };
		998D153822D72E96008CEE8C /* UserTableViewCell.swift in Sources */ = {isa = PBXBuildFile; fileRef = 998D153722D72E96008CEE8C /* UserTableViewCell.swift */; };
		998D153B22D89486008CEE8C /* UsersTableViewController.swift in Sources */ = {isa = PBXBuildFile; fileRef = 998D153A22D89486008CEE8C /* UsersTableViewController.swift */; };
		998D153D22DC935E008CEE8C /* ChatsViewController.swift in Sources */ = {isa = PBXBuildFile; fileRef = 998D153C22DC935E008CEE8C /* ChatsViewController.swift */; };
		99D122C722DF1F1C00B832B0 /* ProfileViewTableViewController.swift in Sources */ = {isa = PBXBuildFile; fileRef = 99D122C622DF1F1C00B832B0 /* ProfileViewTableViewController.swift */; };
/* End PBXBuildFile section */

/* Begin PBXFileReference section */
		03DF39E6D4EB16D2E42864F5 /* Pods-iChat.release.xcconfig */ = {isa = PBXFileReference; includeInIndex = 1; lastKnownFileType = text.xcconfig; name = "Pods-iChat.release.xcconfig"; path = "Target Support Files/Pods-iChat/Pods-iChat.release.xcconfig"; sourceTree = "<group>"; };
		95E144AEACF71731C25144B3 /* Pods_iChat.framework */ = {isa = PBXFileReference; explicitFileType = wrapper.framework; includeInIndex = 0; path = Pods_iChat.framework; sourceTree = BUILT_PRODUCTS_DIR; };
		998D151022CDFEBF008CEE8C /* iChat.app */ = {isa = PBXFileReference; explicitFileType = wrapper.application; includeInIndex = 0; path = iChat.app; sourceTree = BUILT_PRODUCTS_DIR; };
		998D151322CDFEBF008CEE8C /* AppDelegate.swift */ = {isa = PBXFileReference; lastKnownFileType = sourcecode.swift; path = AppDelegate.swift; sourceTree = "<group>"; };
		998D151822CDFEBF008CEE8C /* Base */ = {isa = PBXFileReference; lastKnownFileType = file.storyboard; name = Base; path = Base.lproj/Main.storyboard; sourceTree = "<group>"; };
		998D151A22CDFEC9008CEE8C /* Assets.xcassets */ = {isa = PBXFileReference; lastKnownFileType = folder.assetcatalog; path = Assets.xcassets; sourceTree = "<group>"; };
		998D151D22CDFEC9008CEE8C /* Base */ = {isa = PBXFileReference; lastKnownFileType = file.storyboard; name = Base; path = Base.lproj/LaunchScreen.storyboard; sourceTree = "<group>"; };
		998D151F22CDFEC9008CEE8C /* Info.plist */ = {isa = PBXFileReference; lastKnownFileType = text.plist.xml; path = Info.plist; sourceTree = "<group>"; };
		998D152522CE046C008CEE8C /* WelcomeViewController.swift */ = {isa = PBXFileReference; lastKnownFileType = sourcecode.swift; path = WelcomeViewController.swift; sourceTree = "<group>"; };
		998D152722CE3D67008CEE8C /* GoogleService-Info.plist */ = {isa = PBXFileReference; fileEncoding = 4; lastKnownFileType = text.plist.xml; path = "GoogleService-Info.plist"; sourceTree = "<group>"; };
		998D152922CF4DC1008CEE8C /* FUser.swift */ = {isa = PBXFileReference; fileEncoding = 4; lastKnownFileType = sourcecode.swift; path = FUser.swift; sourceTree = "<group>"; };
		998D152B22CF4E23008CEE8C /* Constants.swift */ = {isa = PBXFileReference; lastKnownFileType = sourcecode.swift; path = Constants.swift; sourceTree = "<group>"; };
		998D152D22CF508B008CEE8C /* CollectionReferences.swift */ = {isa = PBXFileReference; lastKnownFileType = sourcecode.swift; path = CollectionReferences.swift; sourceTree = "<group>"; };
		998D152F22CF52CE008CEE8C /* HelperFunctions.swift */ = {isa = PBXFileReference; lastKnownFileType = sourcecode.swift; path = HelperFunctions.swift; sourceTree = "<group>"; };
		998D153122D37211008CEE8C /* FinishRegistrationViewController.swift */ = {isa = PBXFileReference; lastKnownFileType = sourcecode.swift; path = FinishRegistrationViewController.swift; sourceTree = "<group>"; };
		998D153522D5F18D008CEE8C /* SettingsTableViewController.swift */ = {isa = PBXFileReference; lastKnownFileType = sourcecode.swift; path = SettingsTableViewController.swift; sourceTree = "<group>"; };
		998D153722D72E96008CEE8C /* UserTableViewCell.swift */ = {isa = PBXFileReference; lastKnownFileType = sourcecode.swift; path = UserTableViewCell.swift; sourceTree = "<group>"; };
		998D153A22D89486008CEE8C /* UsersTableViewController.swift */ = {isa = PBXFileReference; lastKnownFileType = sourcecode.swift; path = UsersTableViewController.swift; sourceTree = "<group>"; };
		998D153C22DC935E008CEE8C /* ChatsViewController.swift */ = {isa = PBXFileReference; lastKnownFileType = sourcecode.swift; path = ChatsViewController.swift; sourceTree = "<group>"; };
		99D122C622DF1F1C00B832B0 /* ProfileViewTableViewController.swift */ = {isa = PBXFileReference; lastKnownFileType = sourcecode.swift; path = ProfileViewTableViewController.swift; sourceTree = "<group>"; };
		DD6B38AF151EBEC15B9661EF /* Pods-iChat.debug.xcconfig */ = {isa = PBXFileReference; includeInIndex = 1; lastKnownFileType = text.xcconfig; name = "Pods-iChat.debug.xcconfig"; path = "Target Support Files/Pods-iChat/Pods-iChat.debug.xcconfig"; sourceTree = "<group>"; };
/* End PBXFileReference section */

/* Begin PBXFrameworksBuildPhase section */
		998D150D22CDFEBF008CEE8C /* Frameworks */ = {
			isa = PBXFrameworksBuildPhase;
			buildActionMask = 2147483647;
			files = (
				361B2C0647A4E7C145C0E345 /* Pods_iChat.framework in Frameworks */,
			);
			runOnlyForDeploymentPostprocessing = 0;
		};
/* End PBXFrameworksBuildPhase section */

/* Begin PBXGroup section */
		684288DDA3D59B77B5489CE5 /* Frameworks */ = {
			isa = PBXGroup;
			children = (
				95E144AEACF71731C25144B3 /* Pods_iChat.framework */,
			);
			name = Frameworks;
			sourceTree = "<group>";
		};
		998D150722CDFEBF008CEE8C = {
			isa = PBXGroup;
			children = (
				998D151222CDFEBF008CEE8C /* iChat */,
				998D151122CDFEBF008CEE8C /* Products */,
				C62A09D62F9BE9BFAEC810B1 /* Pods */,
				684288DDA3D59B77B5489CE5 /* Frameworks */,
			);
			sourceTree = "<group>";
		};
		998D151122CDFEBF008CEE8C /* Products */ = {
			isa = PBXGroup;
			children = (
				998D151022CDFEBF008CEE8C /* iChat.app */,
			);
			name = Products;
			sourceTree = "<group>";
		};
		998D151222CDFEBF008CEE8C /* iChat */ = {
			isa = PBXGroup;
			children = (
				998D151322CDFEBF008CEE8C /* AppDelegate.swift */,
				998D152522CE046C008CEE8C /* WelcomeViewController.swift */,
				998D153122D37211008CEE8C /* FinishRegistrationViewController.swift */,
				998D153522D5F18D008CEE8C /* SettingsTableViewController.swift */,
				998D153A22D89486008CEE8C /* UsersTableViewController.swift */,
				998D153C22DC935E008CEE8C /* ChatsViewController.swift */,
				99D122C622DF1F1C00B832B0 /* ProfileViewTableViewController.swift */,
				998D153922D89459008CEE8C /* CustomCells */,
				998D153422D3724C008CEE8C /* Classes */,
				998D153322D3722F008CEE8C /* Helpers */,
				998D151722CDFEBF008CEE8C /* Main.storyboard */,
				998D151A22CDFEC9008CEE8C /* Assets.xcassets */,
				998D151C22CDFEC9008CEE8C /* LaunchScreen.storyboard */,
				998D152722CE3D67008CEE8C /* GoogleService-Info.plist */,
				998D151F22CDFEC9008CEE8C /* Info.plist */,
			);
			path = iChat;
			sourceTree = "<group>";
		};
		998D153322D3722F008CEE8C /* Helpers */ = {
			isa = PBXGroup;
			children = (
				998D152B22CF4E23008CEE8C /* Constants.swift */,
				998D152D22CF508B008CEE8C /* CollectionReferences.swift */,
				998D152F22CF52CE008CEE8C /* HelperFunctions.swift */,
			);
			path = Helpers;
			sourceTree = "<group>";
		};
		998D153422D3724C008CEE8C /* Classes */ = {
			isa = PBXGroup;
			children = (
				998D152922CF4DC1008CEE8C /* FUser.swift */,
			);
			path = Classes;
			sourceTree = "<group>";
		};
		998D153922D89459008CEE8C /* CustomCells */ = {
			isa = PBXGroup;
			children = (
				998D153722D72E96008CEE8C /* UserTableViewCell.swift */,
			);
			path = CustomCells;
			sourceTree = "<group>";
		};
		C62A09D62F9BE9BFAEC810B1 /* Pods */ = {
			isa = PBXGroup;
			children = (
				DD6B38AF151EBEC15B9661EF /* Pods-iChat.debug.xcconfig */,
				03DF39E6D4EB16D2E42864F5 /* Pods-iChat.release.xcconfig */,
			);
			path = Pods;
			sourceTree = "<group>";
		};
/* End PBXGroup section */

/* Begin PBXNativeTarget section */
		998D150F22CDFEBF008CEE8C /* iChat */ = {
			isa = PBXNativeTarget;
			buildConfigurationList = 998D152222CDFEC9008CEE8C /* Build configuration list for PBXNativeTarget "iChat" */;
			buildPhases = (
				F8EC1F9EE9E11780398EB7BB /* [CP] Check Pods Manifest.lock */,
				998D150C22CDFEBF008CEE8C /* Sources */,
				998D150D22CDFEBF008CEE8C /* Frameworks */,
				998D150E22CDFEBF008CEE8C /* Resources */,
				DF8C1D2A94D786769DC5C892 /* [CP] Embed Pods Frameworks */,
			);
			buildRules = (
			);
			dependencies = (
			);
			name = iChat;
			productName = iChat;
			productReference = 998D151022CDFEBF008CEE8C /* iChat.app */;
			productType = "com.apple.product-type.application";
		};
/* End PBXNativeTarget section */

/* Begin PBXProject section */
		998D150822CDFEBF008CEE8C /* Project object */ = {
			isa = PBXProject;
			attributes = {
				LastSwiftUpdateCheck = 1020;
				LastUpgradeCheck = 1020;
				ORGANIZATIONNAME = "David Daniel Leah (BFS EUROPE)";
				TargetAttributes = {
					998D150F22CDFEBF008CEE8C = {
						CreatedOnToolsVersion = 10.2;
					};
				};
			};
			buildConfigurationList = 998D150B22CDFEBF008CEE8C /* Build configuration list for PBXProject "iChat" */;
			compatibilityVersion = "Xcode 9.3";
			developmentRegion = en;
			hasScannedForEncodings = 0;
			knownRegions = (
				en,
				Base,
			);
			mainGroup = 998D150722CDFEBF008CEE8C;
			productRefGroup = 998D151122CDFEBF008CEE8C /* Products */;
			projectDirPath = "";
			projectRoot = "";
			targets = (
				998D150F22CDFEBF008CEE8C /* iChat */,
			);
		};
/* End PBXProject section */

/* Begin PBXResourcesBuildPhase section */
		998D150E22CDFEBF008CEE8C /* Resources */ = {
			isa = PBXResourcesBuildPhase;
			buildActionMask = 2147483647;
			files = (
				998D151E22CDFEC9008CEE8C /* LaunchScreen.storyboard in Resources */,
				998D152822CE3D67008CEE8C /* GoogleService-Info.plist in Resources */,
				998D151B22CDFEC9008CEE8C /* Assets.xcassets in Resources */,
				998D151922CDFEBF008CEE8C /* Main.storyboard in Resources */,
			);
			runOnlyForDeploymentPostprocessing = 0;
		};
/* End PBXResourcesBuildPhase section */

/* Begin PBXShellScriptBuildPhase section */
		DF8C1D2A94D786769DC5C892 /* [CP] Embed Pods Frameworks */ = {
			isa = PBXShellScriptBuildPhase;
			buildActionMask = 2147483647;
			files = (
			);
			inputFileListPaths = (
				"${PODS_ROOT}/Target Support Files/Pods-iChat/Pods-iChat-frameworks-${CONFIGURATION}-input-files.xcfilelist",
			);
			name = "[CP] Embed Pods Frameworks";
			outputFileListPaths = (
				"${PODS_ROOT}/Target Support Files/Pods-iChat/Pods-iChat-frameworks-${CONFIGURATION}-output-files.xcfilelist",
			);
			runOnlyForDeploymentPostprocessing = 0;
			shellPath = /bin/sh;
			shellScript = "\"${PODS_ROOT}/Target Support Files/Pods-iChat/Pods-iChat-frameworks.sh\"\n";
			showEnvVarsInLog = 0;
		};
		F8EC1F9EE9E11780398EB7BB /* [CP] Check Pods Manifest.lock */ = {
			isa = PBXShellScriptBuildPhase;
			buildActionMask = 2147483647;
			files = (
			);
			inputFileListPaths = (
			);
			inputPaths = (
				"${PODS_PODFILE_DIR_PATH}/Podfile.lock",
				"${PODS_ROOT}/Manifest.lock",
			);
			name = "[CP] Check Pods Manifest.lock";
			outputFileListPaths = (
			);
			outputPaths = (
				"$(DERIVED_FILE_DIR)/Pods-iChat-checkManifestLockResult.txt",
			);
			runOnlyForDeploymentPostprocessing = 0;
			shellPath = /bin/sh;
			shellScript = "diff \"${PODS_PODFILE_DIR_PATH}/Podfile.lock\" \"${PODS_ROOT}/Manifest.lock\" > /dev/null\nif [ $? != 0 ] ; then\n    # print error to STDERR\n    echo \"error: The sandbox is not in sync with the Podfile.lock. Run 'pod install' or update your CocoaPods installation.\" >&2\n    exit 1\nfi\n# This output is used by Xcode 'outputs' to avoid re-running this script phase.\necho \"SUCCESS\" > \"${SCRIPT_OUTPUT_FILE_0}\"\n";
			showEnvVarsInLog = 0;
		};
/* End PBXShellScriptBuildPhase section */

/* Begin PBXSourcesBuildPhase section */
		998D150C22CDFEBF008CEE8C /* Sources */ = {
			isa = PBXSourcesBuildPhase;
			buildActionMask = 2147483647;
			files = (
				998D152A22CF4DC1008CEE8C /* FUser.swift in Sources */,
				998D153822D72E96008CEE8C /* UserTableViewCell.swift in Sources */,
				99D122C722DF1F1C00B832B0 /* ProfileViewTableViewController.swift in Sources */,
				998D152E22CF508B008CEE8C /* CollectionReferences.swift in Sources */,
				998D151422CDFEBF008CEE8C /* AppDelegate.swift in Sources */,
				998D152622CE046D008CEE8C /* WelcomeViewController.swift in Sources */,
				998D153622D5F18D008CEE8C /* SettingsTableViewController.swift in Sources */,
				998D153D22DC935E008CEE8C /* ChatsViewController.swift in Sources */,
				998D152C22CF4E23008CEE8C /* Constants.swift in Sources */,
				998D153222D37211008CEE8C /* FinishRegistrationViewController.swift in Sources */,
				998D153B22D89486008CEE8C /* UsersTableViewController.swift in Sources */,
				998D153022CF52CE008CEE8C /* HelperFunctions.swift in Sources */,
			);
			runOnlyForDeploymentPostprocessing = 0;
		};
/* End PBXSourcesBuildPhase section */

/* Begin PBXVariantGroup section */
		998D151722CDFEBF008CEE8C /* Main.storyboard */ = {
			isa = PBXVariantGroup;
			children = (
				998D151822CDFEBF008CEE8C /* Base */,
			);
			name = Main.storyboard;
			sourceTree = "<group>";
		};
		998D151C22CDFEC9008CEE8C /* LaunchScreen.storyboard */ = {
			isa = PBXVariantGroup;
			children = (
				998D151D22CDFEC9008CEE8C /* Base */,
			);
			name = LaunchScreen.storyboard;
			sourceTree = "<group>";
		};
/* End PBXVariantGroup section */

/* Begin XCBuildConfiguration section */
		998D152022CDFEC9008CEE8C /* Debug */ = {
			isa = XCBuildConfiguration;
			buildSettings = {
				ALWAYS_SEARCH_USER_PATHS = NO;
				CLANG_ANALYZER_NONNULL = YES;
				CLANG_ANALYZER_NUMBER_OBJECT_CONVERSION = YES_AGGRESSIVE;
				CLANG_CXX_LANGUAGE_STANDARD = "gnu++14";
				CLANG_CXX_LIBRARY = "libc++";
				CLANG_ENABLE_MODULES = YES;
				CLANG_ENABLE_OBJC_ARC = YES;
				CLANG_ENABLE_OBJC_WEAK = YES;
				CLANG_WARN_BLOCK_CAPTURE_AUTORELEASING = YES;
				CLANG_WARN_BOOL_CONVERSION = YES;
				CLANG_WARN_COMMA = YES;
				CLANG_WARN_CONSTANT_CONVERSION = YES;
				CLANG_WARN_DEPRECATED_OBJC_IMPLEMENTATIONS = YES;
				CLANG_WARN_DIRECT_OBJC_ISA_USAGE = YES_ERROR;
				CLANG_WARN_DOCUMENTATION_COMMENTS = YES;
				CLANG_WARN_EMPTY_BODY = YES;
				CLANG_WARN_ENUM_CONVERSION = YES;
				CLANG_WARN_INFINITE_RECURSION = YES;
				CLANG_WARN_INT_CONVERSION = YES;
				CLANG_WARN_NON_LITERAL_NULL_CONVERSION = YES;
				CLANG_WARN_OBJC_IMPLICIT_RETAIN_SELF = YES;
				CLANG_WARN_OBJC_LITERAL_CONVERSION = YES;
				CLANG_WARN_OBJC_ROOT_CLASS = YES_ERROR;
				CLANG_WARN_RANGE_LOOP_ANALYSIS = YES;
				CLANG_WARN_STRICT_PROTOTYPES = YES;
				CLANG_WARN_SUSPICIOUS_MOVE = YES;
				CLANG_WARN_UNGUARDED_AVAILABILITY = YES_AGGRESSIVE;
				CLANG_WARN_UNREACHABLE_CODE = YES;
				CLANG_WARN__DUPLICATE_METHOD_MATCH = YES;
				CODE_SIGN_IDENTITY = "iPhone Developer";
				COPY_PHASE_STRIP = NO;
				DEBUG_INFORMATION_FORMAT = dwarf;
				ENABLE_STRICT_OBJC_MSGSEND = YES;
				ENABLE_TESTABILITY = YES;
				GCC_C_LANGUAGE_STANDARD = gnu11;
				GCC_DYNAMIC_NO_PIC = NO;
				GCC_NO_COMMON_BLOCKS = YES;
				GCC_OPTIMIZATION_LEVEL = 0;
				GCC_PREPROCESSOR_DEFINITIONS = (
					"DEBUG=1",
					"$(inherited)",
				);
				GCC_WARN_64_TO_32_BIT_CONVERSION = YES;
				GCC_WARN_ABOUT_RETURN_TYPE = YES_ERROR;
				GCC_WARN_UNDECLARED_SELECTOR = YES;
				GCC_WARN_UNINITIALIZED_AUTOS = YES_AGGRESSIVE;
				GCC_WARN_UNUSED_FUNCTION = YES;
				GCC_WARN_UNUSED_VARIABLE = YES;
				IPHONEOS_DEPLOYMENT_TARGET = 12.2;
				MTL_ENABLE_DEBUG_INFO = INCLUDE_SOURCE;
				MTL_FAST_MATH = YES;
				ONLY_ACTIVE_ARCH = YES;
				SDKROOT = iphoneos;
				SWIFT_ACTIVE_COMPILATION_CONDITIONS = DEBUG;
				SWIFT_OPTIMIZATION_LEVEL = "-Onone";
			};
			name = Debug;
		};
		998D152122CDFEC9008CEE8C /* Release */ = {
			isa = XCBuildConfiguration;
			buildSettings = {
				ALWAYS_SEARCH_USER_PATHS = NO;
				CLANG_ANALYZER_NONNULL = YES;
				CLANG_ANALYZER_NUMBER_OBJECT_CONVERSION = YES_AGGRESSIVE;
				CLANG_CXX_LANGUAGE_STANDARD = "gnu++14";
				CLANG_CXX_LIBRARY = "libc++";
				CLANG_ENABLE_MODULES = YES;
				CLANG_ENABLE_OBJC_ARC = YES;
				CLANG_ENABLE_OBJC_WEAK = YES;
				CLANG_WARN_BLOCK_CAPTURE_AUTORELEASING = YES;
				CLANG_WARN_BOOL_CONVERSION = YES;
				CLANG_WARN_COMMA = YES;
				CLANG_WARN_CONSTANT_CONVERSION = YES;
				CLANG_WARN_DEPRECATED_OBJC_IMPLEMENTATIONS = YES;
				CLANG_WARN_DIRECT_OBJC_ISA_USAGE = YES_ERROR;
				CLANG_WARN_DOCUMENTATION_COMMENTS = YES;
				CLANG_WARN_EMPTY_BODY = YES;
				CLANG_WARN_ENUM_CONVERSION = YES;
				CLANG_WARN_INFINITE_RECURSION = YES;
				CLANG_WARN_INT_CONVERSION = YES;
				CLANG_WARN_NON_LITERAL_NULL_CONVERSION = YES;
				CLANG_WARN_OBJC_IMPLICIT_RETAIN_SELF = YES;
				CLANG_WARN_OBJC_LITERAL_CONVERSION = YES;
				CLANG_WARN_OBJC_ROOT_CLASS = YES_ERROR;
				CLANG_WARN_RANGE_LOOP_ANALYSIS = YES;
				CLANG_WARN_STRICT_PROTOTYPES = YES;
				CLANG_WARN_SUSPICIOUS_MOVE = YES;
				CLANG_WARN_UNGUARDED_AVAILABILITY = YES_AGGRESSIVE;
				CLANG_WARN_UNREACHABLE_CODE = YES;
				CLANG_WARN__DUPLICATE_METHOD_MATCH = YES;
				CODE_SIGN_IDENTITY = "iPhone Developer";
				COPY_PHASE_STRIP = NO;
				DEBUG_INFORMATION_FORMAT = "dwarf-with-dsym";
				ENABLE_NS_ASSERTIONS = NO;
				ENABLE_STRICT_OBJC_MSGSEND = YES;
				GCC_C_LANGUAGE_STANDARD = gnu11;
				GCC_NO_COMMON_BLOCKS = YES;
				GCC_WARN_64_TO_32_BIT_CONVERSION = YES;
				GCC_WARN_ABOUT_RETURN_TYPE = YES_ERROR;
				GCC_WARN_UNDECLARED_SELECTOR = YES;
				GCC_WARN_UNINITIALIZED_AUTOS = YES_AGGRESSIVE;
				GCC_WARN_UNUSED_FUNCTION = YES;
				GCC_WARN_UNUSED_VARIABLE = YES;
				IPHONEOS_DEPLOYMENT_TARGET = 12.2;
				MTL_ENABLE_DEBUG_INFO = NO;
				MTL_FAST_MATH = YES;
				SDKROOT = iphoneos;
				SWIFT_COMPILATION_MODE = wholemodule;
				SWIFT_OPTIMIZATION_LEVEL = "-O";
				VALIDATE_PRODUCT = YES;
			};
			name = Release;
		};
		998D152322CDFEC9008CEE8C /* Debug */ = {
			isa = XCBuildConfiguration;
			baseConfigurationReference = DD6B38AF151EBEC15B9661EF /* Pods-iChat.debug.xcconfig */;
			buildSettings = {
				ASSETCATALOG_COMPILER_APPICON_NAME = AppIcon;
				CODE_SIGN_STYLE = Automatic;
				DEVELOPMENT_TEAM = DH5S35BHEZ;
				INFOPLIST_FILE = iChat/Info.plist;
				LD_RUNPATH_SEARCH_PATHS = (
					"$(inherited)",
					"@executable_path/Frameworks",
				);
				PRODUCT_BUNDLE_IDENTIFIER = com.davidleah.iChat;
				PRODUCT_NAME = "$(TARGET_NAME)";
				SWIFT_VERSION = 5.0;
				TARGETED_DEVICE_FAMILY = "1,2";
			};
			name = Debug;
		};
		998D152422CDFEC9008CEE8C /* Release */ = {
			isa = XCBuildConfiguration;
			baseConfigurationReference = 03DF39E6D4EB16D2E42864F5 /* Pods-iChat.release.xcconfig */;
			buildSettings = {
				ASSETCATALOG_COMPILER_APPICON_NAME = AppIcon;
				CODE_SIGN_STYLE = Automatic;
				DEVELOPMENT_TEAM = DH5S35BHEZ;
				INFOPLIST_FILE = iChat/Info.plist;
				LD_RUNPATH_SEARCH_PATHS = (
					"$(inherited)",
					"@executable_path/Frameworks",
				);
				PRODUCT_BUNDLE_IDENTIFIER = com.davidleah.iChat;
				PRODUCT_NAME = "$(TARGET_NAME)";
				SWIFT_VERSION = 5.0;
				TARGETED_DEVICE_FAMILY = "1,2";
			};
			name = Release;
		};
/* End XCBuildConfiguration section */

/* Begin XCConfigurationList section */
		998D150B22CDFEBF008CEE8C /* Build configuration list for PBXProject "iChat" */ = {
			isa = XCConfigurationList;
			buildConfigurations = (
				998D152022CDFEC9008CEE8C /* Debug */,
				998D152122CDFEC9008CEE8C /* Release */,
			);
			defaultConfigurationIsVisible = 0;
			defaultConfigurationName = Release;
		};
		998D152222CDFEC9008CEE8C /* Build configuration list for PBXNativeTarget "iChat" */ = {
			isa = XCConfigurationList;
			buildConfigurations = (
				998D152322CDFEC9008CEE8C /* Debug */,
				998D152422CDFEC9008CEE8C /* Release */,
			);
			defaultConfigurationIsVisible = 0;
			defaultConfigurationName = Release;
		};
/* End XCConfigurationList section */
	};
	rootObject = 998D150822CDFEBF008CEE8C /* Project object */;
}
